
Microsoft Visual Studio Solution File, Format Version 12.00
# Visual Studio Version 16
VisualStudioVersion = 16.0.810.3
MinimumVisualStudioVersion = 10.0.40219.1
Project("{FAE04EC0-301F-11D3-BF4B-00C04F79EFBC}") = "SimpleVisitor", "SimpleVisitor\SimpleVisitor.csproj", "{46C5BA9C-03F3-4506-86C6-87D1463780DB}"
EndProject
Project("{FAE04EC0-301F-11D3-BF4B-00C04F79EFBC}") = "TabularRenderKit", "TabularRenderKit\TabularRenderKit.csproj", "{13A63C69-3580-4097-87C5-DE4B61BCD4B9}"
EndProject
Project("{FAE04EC0-301F-11D3-BF4B-00C04F79EFBC}") = "TabularRenderKitClient", "TabularRenderKitClient\TabularRenderKitClient.csproj", "{EEE47DE6-25DB-4C0A-AAAA-217557977324}"
EndProject
Global
	GlobalSection(SolutionConfigurationPlatforms) = preSolution
		Debug|Any CPU = Debug|Any CPU
		Release|Any CPU = Release|Any CPU
	EndGlobalSection
	GlobalSection(ProjectConfigurationPlatforms) = postSolution
		{46C5BA9C-03F3-4506-86C6-87D1463780DB}.Debug|Any CPU.ActiveCfg = Debug|Any CPU
		{46C5BA9C-03F3-4506-86C6-87D1463780DB}.Debug|Any CPU.Build.0 = Debug|Any CPU
		{46C5BA9C-03F3-4506-86C6-87D1463780DB}.Release|Any CPU.ActiveCfg = Release|Any CPU
		{46C5BA9C-03F3-4506-86C6-87D1463780DB}.Release|Any CPU.Build.0 = Release|Any CPU
		{13A63C69-3580-4097-87C5-DE4B61BCD4B9}.Debug|Any CPU.ActiveCfg = Debug|Any CPU
		{13A63C69-3580-4097-87C5-DE4B61BCD4B9}.Debug|Any CPU.Build.0 = Debug|Any CPU
		{13A63C69-3580-4097-87C5-DE4B61BCD4B9}.Release|Any CPU.ActiveCfg = Release|Any CPU
		{13A63C69-3580-4097-87C5-DE4B61BCD4B9}.Release|Any CPU.Build.0 = Release|Any CPU
		{EEE47DE6-25DB-4C0A-AAAA-217557977324}.Debug|Any CPU.ActiveCfg = Debug|Any CPU
		{EEE47DE6-25DB-4C0A-AAAA-217557977324}.Debug|Any CPU.Build.0 = Debug|Any CPU
		{EEE47DE6-25DB-4C0A-AAAA-217557977324}.Release|Any CPU.ActiveCfg = Release|Any CPU
		{EEE47DE6-25DB-4C0A-AAAA-217557977324}.Release|Any CPU.Build.0 = Release|Any CPU
	EndGlobalSection
	GlobalSection(SolutionProperties) = preSolution
		HideSolutionNode = FALSE
	EndGlobalSection
	GlobalSection(ExtensibilityGlobals) = postSolution
		SolutionGuid = {52184C61-38EB-41A0-AFA2-8935DF08E166}
	EndGlobalSection
EndGlobal
